<?xml version="1.0" encoding="utf-8"?>
<Project ToolsVersion="4.0" xmlns="http://schemas.microsoft.com/developer/msbuild/2003">
  <ItemGroup>
    <Filter Include="Source Files">
      <UniqueIdentifier>{4FC737F1-C7A5-4376-A066-2A32D752A2FF}</UniqueIdentifier>
      <Extensions>cpp;c;cc;cxx;def;odl;idl;hpj;bat;asm;asmx</Extensions>
    </Filter>
    <Filter Include="Header Files">
      <UniqueIdentifier>{93995380-89BD-4b04-88EB-625FBE52EBFB}</UniqueIdentifier>
      <Extensions>h;hh;hpp;hxx;hm;inl;inc;ipp;xsd</Extensions>
    </Filter>
    <Filter Include="Resource Files">
      <UniqueIdentifier>{67DA6AB6-F800-4c08-8B7A-83BB121AAD01}</UniqueIdentifier>
      <Extensions>rc;ico;cur;bmp;dlg;rc2;rct;bin;rgs;gif;jpg;jpeg;jpe;resx;tiff;tif;png;wav;mfcribbon-ms</Extensions>
    </Filter>
    <Filter Include="Header Files\FrameWork">
      <UniqueIdentifier>{2d27bd0a-aad0-4510-8a31-27b060c48c72}</UniqueIdentifier>
    </Filter>
    <Filter Include="Header Files\Logging">
      <UniqueIdentifier>{2ecbb9f7-5719-4f72-920a-608bbae7f466}</UniqueIdentifier>
    </Filter>
    <Filter Include="Assets">
      <UniqueIdentifier>{3dd46a61-469a-4492-a017-41d1ccc732e2}</UniqueIdentifier>
    </Filter>
    <Filter Include="Assets\Sprites">
      <UniqueIdentifier>{0b7a91ff-fcec-411e-9ffa-cca71328040e}</UniqueIdentifier>
    </Filter>
    <Filter Include="Assets\Map">
      <UniqueIdentifier>{63397ee3-1bb6-45ff-929b-9927e3c553b8}</UniqueIdentifier>
    </Filter>
    <Filter Include="Header Files\Object">
      <UniqueIdentifier>{250c74ca-9a71-4feb-9ef2-3fc862f90d2c}</UniqueIdentifier>
    </Filter>
    <Filter Include="Header Files\Object\Player">
      <UniqueIdentifier>{05f57318-3a10-4471-996e-2fa60f251dd5}</UniqueIdentifier>
    </Filter>
    <Filter Include="Header Files\Object\Enemy">
      <UniqueIdentifier>{24739dc4-b514-43cc-91b9-0be68f560741}</UniqueIdentifier>
    </Filter>
    <Filter Include="Header Files\Object\Items">
      <UniqueIdentifier>{cb5e7b50-9bb2-4dc8-af1e-59029b80a3ba}</UniqueIdentifier>
    </Filter>
    <Filter Include="Source Files\Framework">
      <UniqueIdentifier>{16966301-e231-40c9-a090-65c3f92c4f97}</UniqueIdentifier>
    </Filter>
    <Filter Include="Source Files\Object">
      <UniqueIdentifier>{b032063e-2a15-4135-ba6c-32a062e08b2d}</UniqueIdentifier>
    </Filter>
    <Filter Include="Header Files\Stage">
      <UniqueIdentifier>{679f189e-060a-4052-a271-6c185a730250}</UniqueIdentifier>
    </Filter>
  </ItemGroup>
  <ItemGroup>
    <ClInclude Include="Debug.h">
      <Filter>Header Files\Logging</Filter>
    </ClInclude>
    <ClInclude Include="Constants.h">
      <Filter>Header Files\FrameWork</Filter>
    </ClInclude>
    <ClInclude Include="Camera.h">
      <Filter>Header Files\FrameWork</Filter>
    </ClInclude>
    <ClInclude Include="Object.h">
      <Filter>Header Files\FrameWork</Filter>
    </ClInclude>
    <ClInclude Include="Graphic.h">
      <Filter>Header Files\FrameWork</Filter>
    </ClInclude>
    <ClInclude Include="Sprite.h">
      <Filter>Header Files\FrameWork</Filter>
    </ClInclude>
    <ClInclude Include="Texture.h">
      <Filter>Header Files\FrameWork</Filter>
    </ClInclude>
    <ClInclude Include="Game.h">
      <Filter>Header Files\FrameWork</Filter>
    </ClInclude>
    <ClInclude Include="Grid.h">
      <Filter>Header Files\FrameWork</Filter>
    </ClInclude>
    <ClInclude Include="World.h">
      <Filter>Header Files\FrameWork</Filter>
    </ClInclude>
    <ClInclude Include="InputDevice.h">
      <Filter>Header Files\FrameWork</Filter>
    </ClInclude>
    <ClInclude Include="GameAction.h">
      <Filter>Header Files\FrameWork</Filter>
    </ClInclude>
    <ClInclude Include="Player.h">
      <Filter>Header Files\Object\Player</Filter>
    </ClInclude>
    <ClInclude Include="Sound.h">
      <Filter>Header Files\FrameWork</Filter>
    </ClInclude>
    <ClInclude Include="CollisionHandler.h">
      <Filter>Header Files\FrameWork</Filter>
    </ClInclude>
  </ItemGroup>
  <ItemGroup>
    <ClCompile Include="Debug.cpp">
      <Filter>Header Files\Logging</Filter>
    </ClCompile>
    <ClCompile Include="Game.cpp">
      <Filter>Source Files\Framework</Filter>
    </ClCompile>
    <ClCompile Include="Keyboard.cpp">
      <Filter>Source Files\Framework</Filter>
    </ClCompile>
    <ClCompile Include="Main.cpp">
      <Filter>Source Files</Filter>
    </ClCompile>
    <ClCompile Include="Camera.cpp">
      <Filter>Source Files\Framework</Filter>
    </ClCompile>
    <ClCompile Include="GameAction.cpp">
      <Filter>Source Files\Framework</Filter>
    </ClCompile>
  </ItemGroup>
</Project>