<?xml version="1.0" encoding="utf-8"?>
<Project ToolsVersion="4.0" xmlns="http://schemas.microsoft.com/developer/msbuild/2003">
  <ItemGroup>
    <Filter Include="Source Files">
      <UniqueIdentifier>{4FC737F1-C7A5-4376-A066-2A32D752A2FF}</UniqueIdentifier>
      <Extensions>cpp;c;cc;cxx;def;odl;idl;hpj;bat;asm;asmx</Extensions>
    </Filter>
    <Filter Include="Header Files">
      <UniqueIdentifier>{93995380-89BD-4b04-88EB-625FBE52EBFB}</UniqueIdentifier>
      <Extensions>h;hh;hpp;hxx;hm;inl;inc;ipp;xsd</Extensions>
    </Filter>
    <Filter Include="Resource Files">
      <UniqueIdentifier>{67DA6AB6-F800-4c08-8B7A-83BB121AAD01}</UniqueIdentifier>
      <Extensions>rc;ico;cur;bmp;dlg;rc2;rct;bin;rgs;gif;jpg;jpeg;jpe;resx;tiff;tif;png;wav;mfcribbon-ms</Extensions>
    </Filter>
    <Filter Include="Header Files\FrameWork">
      <UniqueIdentifier>{2d27bd0a-aad0-4510-8a31-27b060c48c72}</UniqueIdentifier>
    </Filter>
    <Filter Include="Header Files\Logging">
      <UniqueIdentifier>{2ecbb9f7-5719-4f72-920a-608bbae7f466}</UniqueIdentifier>
    </Filter>
    <Filter Include="Header Files\Object">
      <UniqueIdentifier>{250c74ca-9a71-4feb-9ef2-3fc862f90d2c}</UniqueIdentifier>
    </Filter>
    <Filter Include="Header Files\Object\Player">
      <UniqueIdentifier>{05f57318-3a10-4471-996e-2fa60f251dd5}</UniqueIdentifier>
    </Filter>
    <Filter Include="Header Files\Object\Enemy">
      <UniqueIdentifier>{24739dc4-b514-43cc-91b9-0be68f560741}</UniqueIdentifier>
    </Filter>
    <Filter Include="Header Files\Object\Items">
      <UniqueIdentifier>{cb5e7b50-9bb2-4dc8-af1e-59029b80a3ba}</UniqueIdentifier>
    </Filter>
    <Filter Include="Source Files\Framework">
      <UniqueIdentifier>{16966301-e231-40c9-a090-65c3f92c4f97}</UniqueIdentifier>
    </Filter>
    <Filter Include="Source Files\Object">
      <UniqueIdentifier>{b032063e-2a15-4135-ba6c-32a062e08b2d}</UniqueIdentifier>
    </Filter>
    <Filter Include="Source Files\Object\Enemy">
      <UniqueIdentifier>{2c3fe2a7-cebd-4ddf-a5dd-e0081d5d688c}</UniqueIdentifier>
    </Filter>
    <Filter Include="Source Files\Object\Items">
      <UniqueIdentifier>{b5a32634-f1cd-4a3a-912e-4af2fd9c0952}</UniqueIdentifier>
    </Filter>
    <Filter Include="Source Files\Object\Player">
      <UniqueIdentifier>{2a08951e-ca75-4d0b-b9b0-8d83d75c5871}</UniqueIdentifier>
    </Filter>
    <Filter Include="Header Files\Scence">
      <UniqueIdentifier>{679f189e-060a-4052-a271-6c185a730250}</UniqueIdentifier>
    </Filter>
    <Filter Include="Source Files\Scence">
      <UniqueIdentifier>{50ba45ad-1f6f-4076-aba1-8588d1733484}</UniqueIdentifier>
    </Filter>
    <Filter Include="Header Files\Object\Square">
      <UniqueIdentifier>{64cb917c-56fc-4e41-9876-5229adc74268}</UniqueIdentifier>
    </Filter>
    <Filter Include="Source Files\Object\Square">
      <UniqueIdentifier>{bb5d10af-983c-4364-85e3-f359f45e7500}</UniqueIdentifier>
    </Filter>
    <Filter Include="Header Files\HUD">
      <UniqueIdentifier>{f506177b-e79e-42f7-bebe-1ffd0b3c5f30}</UniqueIdentifier>
    </Filter>
    <Filter Include="Header Files\HUD\Text">
      <UniqueIdentifier>{1700f81a-324c-473d-b2ca-12ab41c04ff8}</UniqueIdentifier>
    </Filter>
    <Filter Include="Header Files\HUD\Health">
      <UniqueIdentifier>{596e44a5-fa2b-4df4-ab30-0f2e6c65498a}</UniqueIdentifier>
    </Filter>
    <Filter Include="Source Files\Object\Boss">
      <UniqueIdentifier>{6f98bfa3-caef-4de8-9feb-38e52cd17cd7}</UniqueIdentifier>
    </Filter>
    <Filter Include="Header Files\Object\Boss">
      <UniqueIdentifier>{ba58471a-03df-4e56-9e5a-81721b3e7338}</UniqueIdentifier>
    </Filter>
    <Filter Include="Source Files\Object\Ladder">
      <UniqueIdentifier>{1b2c96b2-a009-46d2-a129-ed778321709b}</UniqueIdentifier>
    </Filter>
    <Filter Include="Header Files\Object\Ladder">
      <UniqueIdentifier>{84c17ab6-4f65-4565-ae0e-48a3dabe8fef}</UniqueIdentifier>
    </Filter>
  </ItemGroup>
  <ItemGroup>
    <ClInclude Include="Debug.h">
      <Filter>Header Files\Logging</Filter>
    </ClInclude>
    <ClInclude Include="Constants.h">
      <Filter>Header Files\FrameWork</Filter>
    </ClInclude>
    <ClInclude Include="Object.h">
      <Filter>Header Files\FrameWork</Filter>
    </ClInclude>
    <ClInclude Include="Graphic.h">
      <Filter>Header Files\FrameWork</Filter>
    </ClInclude>
    <ClInclude Include="Sprite.h">
      <Filter>Header Files\FrameWork</Filter>
    </ClInclude>
    <ClInclude Include="Texture.h">
      <Filter>Header Files\FrameWork</Filter>
    </ClInclude>
    <ClInclude Include="Game.h">
      <Filter>Header Files\FrameWork</Filter>
    </ClInclude>
    <ClInclude Include="World.h">
      <Filter>Header Files\FrameWork</Filter>
    </ClInclude>
    <ClInclude Include="InputDevice.h">
      <Filter>Header Files\FrameWork</Filter>
    </ClInclude>
    <ClInclude Include="GameAction.h">
      <Filter>Header Files\FrameWork</Filter>
    </ClInclude>
    <ClInclude Include="Player.h">
      <Filter>Header Files\Object\Player</Filter>
    </ClInclude>
    <ClInclude Include="Sound.h">
      <Filter>Header Files\FrameWork</Filter>
    </ClInclude>
    <ClInclude Include="Grid.h">
      <Filter>Header Files\FrameWork</Filter>
    </ClInclude>
    <ClInclude Include="Scence.h">
      <Filter>Header Files\FrameWork</Filter>
    </ClInclude>
    <ClInclude Include="Item.h">
      <Filter>Header Files\Object\Items</Filter>
    </ClInclude>
    <ClInclude Include="Map.h">
      <Filter>Header Files\FrameWork</Filter>
    </ClInclude>
    <ClInclude Include="Scence1.h">
      <Filter>Header Files\Scence</Filter>
    </ClInclude>
    <ClInclude Include="Square.h">
      <Filter>Header Files\Object\Square</Filter>
    </ClInclude>
    <ClInclude Include="GameDebugDraw.h">
      <Filter>Header Files\Logging</Filter>
    </ClInclude>
    <ClInclude Include="Text.h">
      <Filter>Header Files\HUD\Text</Filter>
    </ClInclude>
    <ClInclude Include="Camera.h">
      <Filter>Header Files\FrameWork</Filter>
    </ClInclude>
    <ClInclude Include="Katana.h">
      <Filter>Header Files\Object\Player</Filter>
    </ClInclude>
    <ClInclude Include="Scence2.h">
      <Filter>Header Files\Scence</Filter>
    </ClInclude>
    <ClInclude Include="SoldierSword.h">
      <Filter>Header Files\Object\Enemy</Filter>
    </ClInclude>
    <ClInclude Include="GameTime.h">
      <Filter>Header Files\FrameWork</Filter>
    </ClInclude>
    <ClInclude Include="Panther.h">
      <Filter>Header Files\Object\Enemy</Filter>
    </ClInclude>
    <ClInclude Include="SmallShuriken.h">
      <Filter>Header Files\Object\Player</Filter>
    </ClInclude>
    <ClInclude Include="Weapon.h">
      <Filter>Header Files\Object\Player</Filter>
    </ClInclude>
    <ClInclude Include="BigShuriken.h">
      <Filter>Header Files\Object\Player</Filter>
    </ClInclude>
    <ClInclude Include="CircleFire.h">
      <Filter>Header Files\Object\Player</Filter>
    </ClInclude>
    <ClInclude Include="HUD.h">
      <Filter>Header Files\HUD\Health</Filter>
    </ClInclude>
    <ClInclude Include="Bat.h">
      <Filter>Header Files\Object\Enemy</Filter>
    </ClInclude>
    <ClInclude Include="Scence3.h">
      <Filter>Header Files\Scence</Filter>
    </ClInclude>
    <ClInclude Include="Bullet.h">
      <Filter>Header Files\Object\Enemy</Filter>
    </ClInclude>
    <ClInclude Include="SoliderBazoka.h">
      <Filter>Header Files\Object\Enemy</Filter>
    </ClInclude>
    <ClInclude Include="SoliderGun.h">
      <Filter>Header Files\Object\Enemy</Filter>
    </ClInclude>
    <ClInclude Include="SoliderRun.h">
      <Filter>Header Files\Object\Enemy</Filter>
    </ClInclude>
    <ClInclude Include="Witch.h">
      <Filter>Header Files\Object\Enemy</Filter>
    </ClInclude>
    <ClInclude Include="WitchSword.h">
      <Filter>Header Files\Object\Enemy</Filter>
    </ClInclude>
    <ClInclude Include="Food.h">
      <Filter>Header Files\Object\Items</Filter>
    </ClInclude>
    <ClInclude Include="Boom.h">
      <Filter>Header Files\Object\Boss</Filter>
    </ClInclude>
    <ClInclude Include="Boss.h">
      <Filter>Header Files\Object\Boss</Filter>
    </ClInclude>
    <ClInclude Include="Ladder.h">
      <Filter>Header Files\Object\Ladder</Filter>
    </ClInclude>
    <ClInclude Include="Rock.h">
      <Filter>Header Files\Object\Ladder</Filter>
    </ClInclude>
    <ClInclude Include="Eagle.h">
      <Filter>Header Files\Object\Enemy</Filter>
    </ClInclude>
    <ClInclude Include="Brick.h">
      <Filter>Header Files\Object\Square</Filter>
    </ClInclude>
    <ClInclude Include="Mp3.h">
      <Filter>Header Files\FrameWork</Filter>
    </ClInclude>
    <ClInclude Include="MP3Player.h">
      <Filter>Header Files\FrameWork</Filter>
    </ClInclude>
  </ItemGroup>
  <ItemGroup>
    <ClCompile Include="Debug.cpp">
      <Filter>Header Files\Logging</Filter>
    </ClCompile>
    <ClCompile Include="Game.cpp">
      <Filter>Source Files\Framework</Filter>
    </ClCompile>
    <ClCompile Include="GameAction.cpp">
      <Filter>Source Files\Framework</Filter>
    </ClCompile>
    <ClCompile Include="Graphic.cpp">
      <Filter>Source Files\Framework</Filter>
    </ClCompile>
    <ClCompile Include="Sprite.cpp">
      <Filter>Source Files\Framework</Filter>
    </ClCompile>
    <ClCompile Include="World.cpp">
      <Filter>Source Files\Framework</Filter>
    </ClCompile>
    <ClCompile Include="Source.cpp">
      <Filter>Source Files</Filter>
    </ClCompile>
    <ClCompile Include="player.cpp">
      <Filter>Source Files\Object\Player</Filter>
    </ClCompile>
    <ClCompile Include="Texture.cpp">
      <Filter>Source Files\Framework</Filter>
    </ClCompile>
    <ClCompile Include="Object.cpp">
      <Filter>Source Files\Framework</Filter>
    </ClCompile>
    <ClCompile Include="Grid.cpp">
      <Filter>Source Files\Framework</Filter>
    </ClCompile>
    <ClCompile Include="Item.cpp">
      <Filter>Source Files\Object\Items</Filter>
    </ClCompile>
    <ClCompile Include="Map.cpp">
      <Filter>Source Files\Framework</Filter>
    </ClCompile>
    <ClCompile Include="Scence.cpp">
      <Filter>Source Files\Scence</Filter>
    </ClCompile>
    <ClCompile Include="Scence1.cpp">
      <Filter>Source Files\Scence</Filter>
    </ClCompile>
    <ClCompile Include="Square.cpp">
      <Filter>Source Files\Object\Square</Filter>
    </ClCompile>
    <ClCompile Include="GameDebugDraw.cpp">
      <Filter>Header Files\Logging</Filter>
    </ClCompile>
    <ClCompile Include="Text.cpp">
      <Filter>Header Files\HUD\Text</Filter>
    </ClCompile>
    <ClCompile Include="Camera.cpp">
      <Filter>Source Files\Framework</Filter>
    </ClCompile>
    <ClCompile Include="SoldierSword.cpp">
      <Filter>Source Files\Object\Enemy</Filter>
    </ClCompile>
    <ClCompile Include="Sound.cpp">
      <Filter>Source Files\Framework</Filter>
    </ClCompile>
    <ClCompile Include="GameTime.cpp">
      <Filter>Source Files\Framework</Filter>
    </ClCompile>
    <ClCompile Include="Panther.cpp">
      <Filter>Source Files\Object\Enemy</Filter>
    </ClCompile>
    <ClCompile Include="Katana.cpp">
      <Filter>Source Files\Object\Player</Filter>
    </ClCompile>
    <ClCompile Include="SmallShuriken.cpp">
      <Filter>Source Files\Object\Player</Filter>
    </ClCompile>
    <ClCompile Include="BigShuriken.cpp">
      <Filter>Source Files\Object\Player</Filter>
    </ClCompile>
    <ClCompile Include="HUD.cpp">
      <Filter>Header Files\HUD\Health</Filter>
    </ClCompile>
    <ClCompile Include="Bat.cpp">
      <Filter>Source Files\Object\Enemy</Filter>
    </ClCompile>
    <ClCompile Include="Scence2.cpp">
      <Filter>Source Files\Scence</Filter>
    </ClCompile>
    <ClCompile Include="Scence3.cpp">
      <Filter>Source Files\Scence</Filter>
    </ClCompile>
    <ClCompile Include="Bullet.cpp">
      <Filter>Source Files\Object\Enemy</Filter>
    </ClCompile>
    <ClCompile Include="SoliderBazoka.cpp">
      <Filter>Source Files\Object\Enemy</Filter>
    </ClCompile>
    <ClCompile Include="SoliderGun.cpp">
      <Filter>Source Files\Object\Enemy</Filter>
    </ClCompile>
    <ClCompile Include="Witch.cpp">
      <Filter>Source Files\Object\Enemy</Filter>
    </ClCompile>
    <ClCompile Include="WitchSword.cpp">
      <Filter>Source Files\Object\Enemy</Filter>
    </ClCompile>
    <ClCompile Include="Food.cpp">
      <Filter>Source Files\Object\Items</Filter>
    </ClCompile>
    <ClCompile Include="Boom.cpp">
      <Filter>Source Files\Object\Boss</Filter>
    </ClCompile>
    <ClCompile Include="Boss.cpp">
      <Filter>Source Files\Object\Boss</Filter>
    </ClCompile>
    <ClCompile Include="Ladder.cpp">
      <Filter>Source Files\Object\Ladder</Filter>
    </ClCompile>
    <ClCompile Include="Rock.cpp">
      <Filter>Source Files\Object\Ladder</Filter>
    </ClCompile>
    <ClCompile Include="Eagle.cpp">
      <Filter>Source Files\Object\Enemy</Filter>
    </ClCompile>
    <ClCompile Include="CircleFire.cpp">
      <Filter>Source Files\Object\Player</Filter>
    </ClCompile>
    <ClCompile Include="Brick.cpp">
      <Filter>Source Files\Object\Square</Filter>
    </ClCompile>
    <ClCompile Include="Mp3.cpp">
      <Filter>Source Files\Framework</Filter>
    </ClCompile>
    <ClCompile Include="CMP3_MCI.cpp">
      <Filter>Source Files\Framework</Filter>
    </ClCompile>
    <ClCompile Include="SoliderRun.cpp">
      <Filter>Source Files\Object\Enemy</Filter>
    </ClCompile>
  </ItemGroup>
</Project>